
Microsoft Visual Studio Solution File, Format Version 12.00
# Visual Studio 2012
Project("{FAE04EC0-301F-11D3-BF4B-00C04F79EFBC}") = "4 - EcrivainsDeconnecteCode", "4 - EcrivainsDeconnecteCode\4 - EcrivainsDeconnecteCode.csproj", "{EC76DF2C-8B58-4A1A-83D7-724C2CA327DB}"
EndProject
Global
	GlobalSection(SolutionConfigurationPlatforms) = preSolution
		Debug|Any CPU = Debug|Any CPU
		Release|Any CPU = Release|Any CPU
	EndGlobalSection
	GlobalSection(ProjectConfigurationPlatforms) = postSolution
		{EC76DF2C-8B58-4A1A-83D7-724C2CA327DB}.Debug|Any CPU.ActiveCfg = Debug|Any CPU
		{EC76DF2C-8B58-4A1A-83D7-724C2CA327DB}.Debug|Any CPU.Build.0 = Debug|Any CPU
		{EC76DF2C-8B58-4A1A-83D7-724C2CA327DB}.Release|Any CPU.ActiveCfg = Release|Any CPU
		{EC76DF2C-8B58-4A1A-83D7-724C2CA327DB}.Release|Any CPU.Build.0 = Release|Any CPU
	EndGlobalSection
	GlobalSection(SolutionProperties) = preSolution
		HideSolutionNode = FALSE
	EndGlobalSection
EndGlobal
